
Microsoft Visual Studio Solution File, Format Version 12.00
# Visual Studio Version 17
VisualStudioVersion = 17.4.33213.308
MinimumVisualStudioVersion = 10.0.40219.1
Project("{FAE04EC0-301F-11D3-BF4B-00C04F79EFBC}") = "SpriteColorsEditorAOE", "SpriteColorsEditorAOE\SpriteColorsEditorAOE.csproj", "{866A2797-EF17-4563-BB22-2924F07EE81A}"
EndProject
Global
	GlobalSection(SolutionConfigurationPlatforms) = preSolution
		Debug|Any CPU = Debug|Any CPU
		Release|Any CPU = Release|Any CPU
	EndGlobalSection
	GlobalSection(ProjectConfigurationPlatforms) = postSolution
		{866A2797-EF17-4563-BB22-2924F07EE81A}.Debug|Any CPU.ActiveCfg = Debug|Any CPU
		{866A2797-EF17-4563-BB22-2924F07EE81A}.Debug|Any CPU.Build.0 = Debug|Any CPU
		{866A2797-EF17-4563-BB22-2924F07EE81A}.Release|Any CPU.ActiveCfg = Release|Any CPU
		{866A2797-EF17-4563-BB22-2924F07EE81A}.Release|Any CPU.Build.0 = Release|Any CPU
	EndGlobalSection
	GlobalSection(SolutionProperties) = preSolution
		HideSolutionNode = FALSE
	EndGlobalSection
	GlobalSection(ExtensibilityGlobals) = postSolution
		SolutionGuid = {386C63C5-35DC-43AC-806C-60166A15052C}
	EndGlobalSection
EndGlobal
